
Microsoft Visual Studio Solution File, Format Version 12.00
# Visual Studio Version 17
VisualStudioVersion = 17.0.31903.59
MinimumVisualStudioVersion = 10.0.40219.1
Project("{FAE04EC0-301F-11D3-BF4B-00C04F79EFBC}") = "Safeturned.Api", "src\Safeturned.Api.csproj", "{37BFD75F-315F-41C8-BAC5-D3FD6066062F}"
EndProject
Project("{FAE04EC0-301F-11D3-BF4B-00C04F79EFBC}") = "Safeturned.AppHost", "Safeturned.AppHost\Safeturned.AppHost.csproj", "{F86F7308-9550-4FB4-9BB0-63F9740BBCD2}"
EndProject
Project("{FAE04EC0-301F-11D3-BF4B-00C04F79EFBC}") = "Safeturned.ServiceDefaults", "Safeturned.ServiceDefaults\Safeturned.ServiceDefaults.csproj", "{23C11A3F-0DBE-C9D0-2C04-79C3E0973E87}"
EndProject
Project("{2150E333-8FDC-42A3-9474-1A3956D46DE8}") = "aspire", "aspire", "{BA48AF8D-478C-4839-9813-0478D4B57CF3}"
EndProject
Project("{2150E333-8FDC-42A3-9474-1A3956D46DE8}") = "Solution Items", "Solution Items", "{E7D43039-BD1E-4658-9FAC-4B7FB3533335}"
	ProjectSection(SolutionItems) = preProject
		.editorconfig = .editorconfig
		.gitattributes = .gitattributes
		.gitignore = .gitignore
		LICENSE = LICENSE
		README.md = README.md
	EndProjectSection
EndProject
Project("{2150E333-8FDC-42A3-9474-1A3956D46DE8}") = "src", "src", "{46C2EB6F-8D7F-49B7-8C5D-6DCD958EC510}"
EndProject
Project("{2150E333-8FDC-42A3-9474-1A3956D46DE8}") = "FileChecker", "FileChecker", "{A9FCEE5D-A38D-4F0C-A4C5-14835557EC52}"
EndProject
Project("{FAE04EC0-301F-11D3-BF4B-00C04F79EFBC}") = "Safeturned.FileChecker", "FileChecker\src\Safeturned.FileChecker\Safeturned.FileChecker.csproj", "{D2665703-67A4-4303-89C0-1FC51D1B53AE}"
EndProject
Global
	GlobalSection(SolutionConfigurationPlatforms) = preSolution
		Debug|Any CPU = Debug|Any CPU
		Debug|x64 = Debug|x64
		Debug|x86 = Debug|x86
		Release|Any CPU = Release|Any CPU
		Release|x64 = Release|x64
		Release|x86 = Release|x86
	EndGlobalSection
	GlobalSection(ProjectConfigurationPlatforms) = postSolution
		{37BFD75F-315F-41C8-BAC5-D3FD6066062F}.Debug|Any CPU.ActiveCfg = Debug|Any CPU
		{37BFD75F-315F-41C8-BAC5-D3FD6066062F}.Debug|Any CPU.Build.0 = Debug|Any CPU
		{37BFD75F-315F-41C8-BAC5-D3FD6066062F}.Debug|x64.ActiveCfg = Debug|Any CPU
		{37BFD75F-315F-41C8-BAC5-D3FD6066062F}.Debug|x64.Build.0 = Debug|Any CPU
		{37BFD75F-315F-41C8-BAC5-D3FD6066062F}.Debug|x86.ActiveCfg = Debug|Any CPU
		{37BFD75F-315F-41C8-BAC5-D3FD6066062F}.Debug|x86.Build.0 = Debug|Any CPU
		{37BFD75F-315F-41C8-BAC5-D3FD6066062F}.Release|Any CPU.ActiveCfg = Release|Any CPU
		{37BFD75F-315F-41C8-BAC5-D3FD6066062F}.Release|Any CPU.Build.0 = Release|Any CPU
		{37BFD75F-315F-41C8-BAC5-D3FD6066062F}.Release|x64.ActiveCfg = Release|Any CPU
		{37BFD75F-315F-41C8-BAC5-D3FD6066062F}.Release|x64.Build.0 = Release|Any CPU
		{37BFD75F-315F-41C8-BAC5-D3FD6066062F}.Release|x86.ActiveCfg = Release|Any CPU
		{37BFD75F-315F-41C8-BAC5-D3FD6066062F}.Release|x86.Build.0 = Release|Any CPU
		{F86F7308-9550-4FB4-9BB0-63F9740BBCD2}.Debug|Any CPU.ActiveCfg = Debug|Any CPU
		{F86F7308-9550-4FB4-9BB0-63F9740BBCD2}.Debug|Any CPU.Build.0 = Debug|Any CPU
		{F86F7308-9550-4FB4-9BB0-63F9740BBCD2}.Debug|x64.ActiveCfg = Debug|Any CPU
		{F86F7308-9550-4FB4-9BB0-63F9740BBCD2}.Debug|x64.Build.0 = Debug|Any CPU
		{F86F7308-9550-4FB4-9BB0-63F9740BBCD2}.Debug|x86.ActiveCfg = Debug|Any CPU
		{F86F7308-9550-4FB4-9BB0-63F9740BBCD2}.Debug|x86.Build.0 = Debug|Any CPU
		{F86F7308-9550-4FB4-9BB0-63F9740BBCD2}.Release|Any CPU.ActiveCfg = Release|Any CPU
		{F86F7308-9550-4FB4-9BB0-63F9740BBCD2}.Release|Any CPU.Build.0 = Release|Any CPU
		{F86F7308-9550-4FB4-9BB0-63F9740BBCD2}.Release|x64.ActiveCfg = Release|Any CPU
		{F86F7308-9550-4FB4-9BB0-63F9740BBCD2}.Release|x64.Build.0 = Release|Any CPU
		{F86F7308-9550-4FB4-9BB0-63F9740BBCD2}.Release|x86.ActiveCfg = Release|Any CPU
		{F86F7308-9550-4FB4-9BB0-63F9740BBCD2}.Release|x86.Build.0 = Release|Any CPU
		{23C11A3F-0DBE-C9D0-2C04-79C3E0973E87}.Debug|Any CPU.ActiveCfg = Debug|Any CPU
		{23C11A3F-0DBE-C9D0-2C04-79C3E0973E87}.Debug|Any CPU.Build.0 = Debug|Any CPU
		{23C11A3F-0DBE-C9D0-2C04-79C3E0973E87}.Debug|x64.ActiveCfg = Debug|Any CPU
		{23C11A3F-0DBE-C9D0-2C04-79C3E0973E87}.Debug|x64.Build.0 = Debug|Any CPU
		{23C11A3F-0DBE-C9D0-2C04-79C3E0973E87}.Debug|x86.ActiveCfg = Debug|Any CPU
		{23C11A3F-0DBE-C9D0-2C04-79C3E0973E87}.Debug|x86.Build.0 = Debug|Any CPU
		{23C11A3F-0DBE-C9D0-2C04-79C3E0973E87}.Release|Any CPU.ActiveCfg = Release|Any CPU
		{23C11A3F-0DBE-C9D0-2C04-79C3E0973E87}.Release|Any CPU.Build.0 = Release|Any CPU
		{23C11A3F-0DBE-C9D0-2C04-79C3E0973E87}.Release|x64.ActiveCfg = Release|Any CPU
		{23C11A3F-0DBE-C9D0-2C04-79C3E0973E87}.Release|x64.Build.0 = Release|Any CPU
		{23C11A3F-0DBE-C9D0-2C04-79C3E0973E87}.Release|x86.ActiveCfg = Release|Any CPU
		{23C11A3F-0DBE-C9D0-2C04-79C3E0973E87}.Release|x86.Build.0 = Release|Any CPU
		{D2665703-67A4-4303-89C0-1FC51D1B53AE}.Debug|Any CPU.ActiveCfg = Debug|Any CPU
		{D2665703-67A4-4303-89C0-1FC51D1B53AE}.Debug|Any CPU.Build.0 = Debug|Any CPU
		{D2665703-67A4-4303-89C0-1FC51D1B53AE}.Debug|x64.ActiveCfg = Debug|Any CPU
		{D2665703-67A4-4303-89C0-1FC51D1B53AE}.Debug|x64.Build.0 = Debug|Any CPU
		{D2665703-67A4-4303-89C0-1FC51D1B53AE}.Debug|x86.ActiveCfg = Debug|Any CPU
		{D2665703-67A4-4303-89C0-1FC51D1B53AE}.Debug|x86.Build.0 = Debug|Any CPU
		{D2665703-67A4-4303-89C0-1FC51D1B53AE}.Release|Any CPU.ActiveCfg = Release|Any CPU
		{D2665703-67A4-4303-89C0-1FC51D1B53AE}.Release|Any CPU.Build.0 = Release|Any CPU
		{D2665703-67A4-4303-89C0-1FC51D1B53AE}.Release|x64.ActiveCfg = Release|Any CPU
		{D2665703-67A4-4303-89C0-1FC51D1B53AE}.Release|x64.Build.0 = Release|Any CPU
		{D2665703-67A4-4303-89C0-1FC51D1B53AE}.Release|x86.ActiveCfg = Release|Any CPU
		{D2665703-67A4-4303-89C0-1FC51D1B53AE}.Release|x86.Build.0 = Release|Any CPU
	EndGlobalSection
	GlobalSection(SolutionProperties) = preSolution
		HideSolutionNode = FALSE
	EndGlobalSection
	GlobalSection(NestedProjects) = preSolution
		{37BFD75F-315F-41C8-BAC5-D3FD6066062F} = {46C2EB6F-8D7F-49B7-8C5D-6DCD958EC510}
		{F86F7308-9550-4FB4-9BB0-63F9740BBCD2} = {BA48AF8D-478C-4839-9813-0478D4B57CF3}
		{23C11A3F-0DBE-C9D0-2C04-79C3E0973E87} = {BA48AF8D-478C-4839-9813-0478D4B57CF3}
		{D2665703-67A4-4303-89C0-1FC51D1B53AE} = {A9FCEE5D-A38D-4F0C-A4C5-14835557EC52}
	EndGlobalSection
EndGlobal
