
Microsoft Visual Studio Solution File, Format Version 12.00
# Visual Studio Version 17
VisualStudioVersion = 17.0.31903.59
MinimumVisualStudioVersion = 10.0.40219.1
Project("{FAE04EC0-301F-11D3-BF4B-00C04F79EFBC}") = "Safeturned.Api", "src\Safeturned.Api.csproj", "{37BFD75F-315F-41C8-BAC5-D3FD6066062F}"
EndProject
Project("{FAE04EC0-301F-11D3-BF4B-00C04F79EFBC}") = "ST.Core", "FileChecker\src\ST.Core\ST.Core.csproj", "{6E3F4003-EAAC-4DCF-A24A-29AD6ECC41CB}"
EndProject
Project("{FAE04EC0-301F-11D3-BF4B-00C04F79EFBC}") = "ST.Checking", "FileChecker\src\ST.Checking\ST.Checking.csproj", "{AEFD7420-8954-4690-B497-3A643C3BD0FA}"
EndProject
Project("{FAE04EC0-301F-11D3-BF4B-00C04F79EFBC}") = "ST.Initializatializing.Abstraction", "FileChecker\src\ST.Initializatializing.Abstraction\ST.Initializatializing.Abstraction.csproj", "{A8083624-48A0-4FDE-913A-952627EFF7E7}"
EndProject
Project("{FAE04EC0-301F-11D3-BF4B-00C04F79EFBC}") = "ST.Checking.Abstraction", "FileChecker\src\ST.Checking.Abstraction\ST.Checking.Abstraction.csproj", "{FF88C9A1-4F43-4930-9B3A-34B304FD1E40}"
EndProject
Project("{FAE04EC0-301F-11D3-BF4B-00C04F79EFBC}") = "ST.Checking.Dnlib", "FileChecker\src\ST.Checking.Dnlib\ST.Checking.Dnlib.csproj", "{CAC35BA7-8C82-4517-96B0-5D5C05DCCCF3}"
EndProject
Project("{FAE04EC0-301F-11D3-BF4B-00C04F79EFBC}") = "ST.CheckingProcessor.Abstraction", "FileChecker\src\ST.CheckingProcessor.Abstraction\ST.CheckingProcessor.Abstraction.csproj", "{5F5A3883-5F68-4EE6-9A25-BD84E715B68F}"
EndProject
Project("{FAE04EC0-301F-11D3-BF4B-00C04F79EFBC}") = "ST.CheckingProcessor.DnLib", "FileChecker\src\ST.CheckingProcessor.DnLib\ST.CheckingProcessor.DnLib.csproj", "{5556F383-D68A-4A15-AD2D-833DA5C0A334}"
EndProject
Project("{FAE04EC0-301F-11D3-BF4B-00C04F79EFBC}") = "ST.Validating", "FileChecker\src\ST.Validating\ST.Validating.csproj", "{DAEED062-77D3-447B-9A8D-FA3735F49923}"
EndProject
Project("{FAE04EC0-301F-11D3-BF4B-00C04F79EFBC}") = "ST.Validating.Abstraction", "FileChecker\src\ST.Validating.Abstraction\ST.Validating.Abstraction.csproj", "{A1909D0E-40E3-4460-8FBB-14467CB58BF3}"
EndProject
Project("{FAE04EC0-301F-11D3-BF4B-00C04F79EFBC}") = "ST.Validating.DnLib", "FileChecker\src\ST.Validating.DnLib\ST.Validating.DnLib.csproj", "{A5CEDE2B-0D37-4028-9676-3216BD5587AD}"
EndProject
Project("{FAE04EC0-301F-11D3-BF4B-00C04F79EFBC}") = "Safeturned.AppHost", "Safeturned.AppHost\Safeturned.AppHost.csproj", "{F86F7308-9550-4FB4-9BB0-63F9740BBCD2}"
EndProject
Project("{FAE04EC0-301F-11D3-BF4B-00C04F79EFBC}") = "Safeturned.ServiceDefaults", "Safeturned.ServiceDefaults\Safeturned.ServiceDefaults.csproj", "{23C11A3F-0DBE-C9D0-2C04-79C3E0973E87}"
EndProject
Project("{FAE04EC0-301F-11D3-BF4B-00C04F79EFBC}") = "ST.Checking.DnLib.Abstraction", "FileChecker\src\ST.Checking.DnLib.Abstraction\ST.Checking.DnLib.Abstraction.csproj", "{94E95104-3DBB-4CC0-89B2-9AC8B94DA110}"
EndProject
Project("{2150E333-8FDC-42A3-9474-1A3956D46DE8}") = "aspire", "aspire", "{BA48AF8D-478C-4839-9813-0478D4B57CF3}"
EndProject
Project("{2150E333-8FDC-42A3-9474-1A3956D46DE8}") = "Solution Items", "Solution Items", "{E7D43039-BD1E-4658-9FAC-4B7FB3533335}"
	ProjectSection(SolutionItems) = preProject
		.editorconfig = .editorconfig
		.gitattributes = .gitattributes
		.gitignore = .gitignore
		LICENSE = LICENSE
		README.md = README.md
	EndProjectSection
EndProject
Project("{2150E333-8FDC-42A3-9474-1A3956D46DE8}") = "src", "src", "{46C2EB6F-8D7F-49B7-8C5D-6DCD958EC510}"
EndProject
Project("{2150E333-8FDC-42A3-9474-1A3956D46DE8}") = "FileChecker", "FileChecker", "{A9FCEE5D-A38D-4F0C-A4C5-14835557EC52}"
EndProject
Global
	GlobalSection(SolutionConfigurationPlatforms) = preSolution
		Debug|Any CPU = Debug|Any CPU
		Debug|x64 = Debug|x64
		Debug|x86 = Debug|x86
		Release|Any CPU = Release|Any CPU
		Release|x64 = Release|x64
		Release|x86 = Release|x86
	EndGlobalSection
	GlobalSection(ProjectConfigurationPlatforms) = postSolution
		{37BFD75F-315F-41C8-BAC5-D3FD6066062F}.Debug|Any CPU.ActiveCfg = Debug|Any CPU
		{37BFD75F-315F-41C8-BAC5-D3FD6066062F}.Debug|Any CPU.Build.0 = Debug|Any CPU
		{37BFD75F-315F-41C8-BAC5-D3FD6066062F}.Debug|x64.ActiveCfg = Debug|Any CPU
		{37BFD75F-315F-41C8-BAC5-D3FD6066062F}.Debug|x64.Build.0 = Debug|Any CPU
		{37BFD75F-315F-41C8-BAC5-D3FD6066062F}.Debug|x86.ActiveCfg = Debug|Any CPU
		{37BFD75F-315F-41C8-BAC5-D3FD6066062F}.Debug|x86.Build.0 = Debug|Any CPU
		{37BFD75F-315F-41C8-BAC5-D3FD6066062F}.Release|Any CPU.ActiveCfg = Release|Any CPU
		{37BFD75F-315F-41C8-BAC5-D3FD6066062F}.Release|Any CPU.Build.0 = Release|Any CPU
		{37BFD75F-315F-41C8-BAC5-D3FD6066062F}.Release|x64.ActiveCfg = Release|Any CPU
		{37BFD75F-315F-41C8-BAC5-D3FD6066062F}.Release|x64.Build.0 = Release|Any CPU
		{37BFD75F-315F-41C8-BAC5-D3FD6066062F}.Release|x86.ActiveCfg = Release|Any CPU
		{37BFD75F-315F-41C8-BAC5-D3FD6066062F}.Release|x86.Build.0 = Release|Any CPU
		{6E3F4003-EAAC-4DCF-A24A-29AD6ECC41CB}.Debug|Any CPU.ActiveCfg = Debug|Any CPU
		{6E3F4003-EAAC-4DCF-A24A-29AD6ECC41CB}.Debug|Any CPU.Build.0 = Debug|Any CPU
		{6E3F4003-EAAC-4DCF-A24A-29AD6ECC41CB}.Debug|x64.ActiveCfg = Debug|Any CPU
		{6E3F4003-EAAC-4DCF-A24A-29AD6ECC41CB}.Debug|x64.Build.0 = Debug|Any CPU
		{6E3F4003-EAAC-4DCF-A24A-29AD6ECC41CB}.Debug|x86.ActiveCfg = Debug|Any CPU
		{6E3F4003-EAAC-4DCF-A24A-29AD6ECC41CB}.Debug|x86.Build.0 = Debug|Any CPU
		{6E3F4003-EAAC-4DCF-A24A-29AD6ECC41CB}.Release|Any CPU.ActiveCfg = Release|Any CPU
		{6E3F4003-EAAC-4DCF-A24A-29AD6ECC41CB}.Release|Any CPU.Build.0 = Release|Any CPU
		{6E3F4003-EAAC-4DCF-A24A-29AD6ECC41CB}.Release|x64.ActiveCfg = Release|Any CPU
		{6E3F4003-EAAC-4DCF-A24A-29AD6ECC41CB}.Release|x64.Build.0 = Release|Any CPU
		{6E3F4003-EAAC-4DCF-A24A-29AD6ECC41CB}.Release|x86.ActiveCfg = Release|Any CPU
		{6E3F4003-EAAC-4DCF-A24A-29AD6ECC41CB}.Release|x86.Build.0 = Release|Any CPU
		{AEFD7420-8954-4690-B497-3A643C3BD0FA}.Debug|Any CPU.ActiveCfg = Debug|Any CPU
		{AEFD7420-8954-4690-B497-3A643C3BD0FA}.Debug|Any CPU.Build.0 = Debug|Any CPU
		{AEFD7420-8954-4690-B497-3A643C3BD0FA}.Debug|x64.ActiveCfg = Debug|Any CPU
		{AEFD7420-8954-4690-B497-3A643C3BD0FA}.Debug|x64.Build.0 = Debug|Any CPU
		{AEFD7420-8954-4690-B497-3A643C3BD0FA}.Debug|x86.ActiveCfg = Debug|Any CPU
		{AEFD7420-8954-4690-B497-3A643C3BD0FA}.Debug|x86.Build.0 = Debug|Any CPU
		{AEFD7420-8954-4690-B497-3A643C3BD0FA}.Release|Any CPU.ActiveCfg = Release|Any CPU
		{AEFD7420-8954-4690-B497-3A643C3BD0FA}.Release|Any CPU.Build.0 = Release|Any CPU
		{AEFD7420-8954-4690-B497-3A643C3BD0FA}.Release|x64.ActiveCfg = Release|Any CPU
		{AEFD7420-8954-4690-B497-3A643C3BD0FA}.Release|x64.Build.0 = Release|Any CPU
		{AEFD7420-8954-4690-B497-3A643C3BD0FA}.Release|x86.ActiveCfg = Release|Any CPU
		{AEFD7420-8954-4690-B497-3A643C3BD0FA}.Release|x86.Build.0 = Release|Any CPU
		{A8083624-48A0-4FDE-913A-952627EFF7E7}.Debug|Any CPU.ActiveCfg = Debug|Any CPU
		{A8083624-48A0-4FDE-913A-952627EFF7E7}.Debug|Any CPU.Build.0 = Debug|Any CPU
		{A8083624-48A0-4FDE-913A-952627EFF7E7}.Debug|x64.ActiveCfg = Debug|Any CPU
		{A8083624-48A0-4FDE-913A-952627EFF7E7}.Debug|x64.Build.0 = Debug|Any CPU
		{A8083624-48A0-4FDE-913A-952627EFF7E7}.Debug|x86.ActiveCfg = Debug|Any CPU
		{A8083624-48A0-4FDE-913A-952627EFF7E7}.Debug|x86.Build.0 = Debug|Any CPU
		{A8083624-48A0-4FDE-913A-952627EFF7E7}.Release|Any CPU.ActiveCfg = Release|Any CPU
		{A8083624-48A0-4FDE-913A-952627EFF7E7}.Release|Any CPU.Build.0 = Release|Any CPU
		{A8083624-48A0-4FDE-913A-952627EFF7E7}.Release|x64.ActiveCfg = Release|Any CPU
		{A8083624-48A0-4FDE-913A-952627EFF7E7}.Release|x64.Build.0 = Release|Any CPU
		{A8083624-48A0-4FDE-913A-952627EFF7E7}.Release|x86.ActiveCfg = Release|Any CPU
		{A8083624-48A0-4FDE-913A-952627EFF7E7}.Release|x86.Build.0 = Release|Any CPU
		{FF88C9A1-4F43-4930-9B3A-34B304FD1E40}.Debug|Any CPU.ActiveCfg = Debug|Any CPU
		{FF88C9A1-4F43-4930-9B3A-34B304FD1E40}.Debug|Any CPU.Build.0 = Debug|Any CPU
		{FF88C9A1-4F43-4930-9B3A-34B304FD1E40}.Debug|x64.ActiveCfg = Debug|Any CPU
		{FF88C9A1-4F43-4930-9B3A-34B304FD1E40}.Debug|x64.Build.0 = Debug|Any CPU
		{FF88C9A1-4F43-4930-9B3A-34B304FD1E40}.Debug|x86.ActiveCfg = Debug|Any CPU
		{FF88C9A1-4F43-4930-9B3A-34B304FD1E40}.Debug|x86.Build.0 = Debug|Any CPU
		{FF88C9A1-4F43-4930-9B3A-34B304FD1E40}.Release|Any CPU.ActiveCfg = Release|Any CPU
		{FF88C9A1-4F43-4930-9B3A-34B304FD1E40}.Release|Any CPU.Build.0 = Release|Any CPU
		{FF88C9A1-4F43-4930-9B3A-34B304FD1E40}.Release|x64.ActiveCfg = Release|Any CPU
		{FF88C9A1-4F43-4930-9B3A-34B304FD1E40}.Release|x64.Build.0 = Release|Any CPU
		{FF88C9A1-4F43-4930-9B3A-34B304FD1E40}.Release|x86.ActiveCfg = Release|Any CPU
		{FF88C9A1-4F43-4930-9B3A-34B304FD1E40}.Release|x86.Build.0 = Release|Any CPU
		{CAC35BA7-8C82-4517-96B0-5D5C05DCCCF3}.Debug|Any CPU.ActiveCfg = Debug|Any CPU
		{CAC35BA7-8C82-4517-96B0-5D5C05DCCCF3}.Debug|Any CPU.Build.0 = Debug|Any CPU
		{CAC35BA7-8C82-4517-96B0-5D5C05DCCCF3}.Debug|x64.ActiveCfg = Debug|Any CPU
		{CAC35BA7-8C82-4517-96B0-5D5C05DCCCF3}.Debug|x64.Build.0 = Debug|Any CPU
		{CAC35BA7-8C82-4517-96B0-5D5C05DCCCF3}.Debug|x86.ActiveCfg = Debug|Any CPU
		{CAC35BA7-8C82-4517-96B0-5D5C05DCCCF3}.Debug|x86.Build.0 = Debug|Any CPU
		{CAC35BA7-8C82-4517-96B0-5D5C05DCCCF3}.Release|Any CPU.ActiveCfg = Release|Any CPU
		{CAC35BA7-8C82-4517-96B0-5D5C05DCCCF3}.Release|Any CPU.Build.0 = Release|Any CPU
		{CAC35BA7-8C82-4517-96B0-5D5C05DCCCF3}.Release|x64.ActiveCfg = Release|Any CPU
		{CAC35BA7-8C82-4517-96B0-5D5C05DCCCF3}.Release|x64.Build.0 = Release|Any CPU
		{CAC35BA7-8C82-4517-96B0-5D5C05DCCCF3}.Release|x86.ActiveCfg = Release|Any CPU
		{CAC35BA7-8C82-4517-96B0-5D5C05DCCCF3}.Release|x86.Build.0 = Release|Any CPU
		{5F5A3883-5F68-4EE6-9A25-BD84E715B68F}.Debug|Any CPU.ActiveCfg = Debug|Any CPU
		{5F5A3883-5F68-4EE6-9A25-BD84E715B68F}.Debug|Any CPU.Build.0 = Debug|Any CPU
		{5F5A3883-5F68-4EE6-9A25-BD84E715B68F}.Debug|x64.ActiveCfg = Debug|Any CPU
		{5F5A3883-5F68-4EE6-9A25-BD84E715B68F}.Debug|x64.Build.0 = Debug|Any CPU
		{5F5A3883-5F68-4EE6-9A25-BD84E715B68F}.Debug|x86.ActiveCfg = Debug|Any CPU
		{5F5A3883-5F68-4EE6-9A25-BD84E715B68F}.Debug|x86.Build.0 = Debug|Any CPU
		{5F5A3883-5F68-4EE6-9A25-BD84E715B68F}.Release|Any CPU.ActiveCfg = Release|Any CPU
		{5F5A3883-5F68-4EE6-9A25-BD84E715B68F}.Release|Any CPU.Build.0 = Release|Any CPU
		{5F5A3883-5F68-4EE6-9A25-BD84E715B68F}.Release|x64.ActiveCfg = Release|Any CPU
		{5F5A3883-5F68-4EE6-9A25-BD84E715B68F}.Release|x64.Build.0 = Release|Any CPU
		{5F5A3883-5F68-4EE6-9A25-BD84E715B68F}.Release|x86.ActiveCfg = Release|Any CPU
		{5F5A3883-5F68-4EE6-9A25-BD84E715B68F}.Release|x86.Build.0 = Release|Any CPU
		{5556F383-D68A-4A15-AD2D-833DA5C0A334}.Debug|Any CPU.ActiveCfg = Debug|Any CPU
		{5556F383-D68A-4A15-AD2D-833DA5C0A334}.Debug|Any CPU.Build.0 = Debug|Any CPU
		{5556F383-D68A-4A15-AD2D-833DA5C0A334}.Debug|x64.ActiveCfg = Debug|Any CPU
		{5556F383-D68A-4A15-AD2D-833DA5C0A334}.Debug|x64.Build.0 = Debug|Any CPU
		{5556F383-D68A-4A15-AD2D-833DA5C0A334}.Debug|x86.ActiveCfg = Debug|Any CPU
		{5556F383-D68A-4A15-AD2D-833DA5C0A334}.Debug|x86.Build.0 = Debug|Any CPU
		{5556F383-D68A-4A15-AD2D-833DA5C0A334}.Release|Any CPU.ActiveCfg = Release|Any CPU
		{5556F383-D68A-4A15-AD2D-833DA5C0A334}.Release|Any CPU.Build.0 = Release|Any CPU
		{5556F383-D68A-4A15-AD2D-833DA5C0A334}.Release|x64.ActiveCfg = Release|Any CPU
		{5556F383-D68A-4A15-AD2D-833DA5C0A334}.Release|x64.Build.0 = Release|Any CPU
		{5556F383-D68A-4A15-AD2D-833DA5C0A334}.Release|x86.ActiveCfg = Release|Any CPU
		{5556F383-D68A-4A15-AD2D-833DA5C0A334}.Release|x86.Build.0 = Release|Any CPU
		{DAEED062-77D3-447B-9A8D-FA3735F49923}.Debug|Any CPU.ActiveCfg = Debug|Any CPU
		{DAEED062-77D3-447B-9A8D-FA3735F49923}.Debug|Any CPU.Build.0 = Debug|Any CPU
		{DAEED062-77D3-447B-9A8D-FA3735F49923}.Debug|x64.ActiveCfg = Debug|Any CPU
		{DAEED062-77D3-447B-9A8D-FA3735F49923}.Debug|x64.Build.0 = Debug|Any CPU
		{DAEED062-77D3-447B-9A8D-FA3735F49923}.Debug|x86.ActiveCfg = Debug|Any CPU
		{DAEED062-77D3-447B-9A8D-FA3735F49923}.Debug|x86.Build.0 = Debug|Any CPU
		{DAEED062-77D3-447B-9A8D-FA3735F49923}.Release|Any CPU.ActiveCfg = Release|Any CPU
		{DAEED062-77D3-447B-9A8D-FA3735F49923}.Release|Any CPU.Build.0 = Release|Any CPU
		{DAEED062-77D3-447B-9A8D-FA3735F49923}.Release|x64.ActiveCfg = Release|Any CPU
		{DAEED062-77D3-447B-9A8D-FA3735F49923}.Release|x64.Build.0 = Release|Any CPU
		{DAEED062-77D3-447B-9A8D-FA3735F49923}.Release|x86.ActiveCfg = Release|Any CPU
		{DAEED062-77D3-447B-9A8D-FA3735F49923}.Release|x86.Build.0 = Release|Any CPU
		{A1909D0E-40E3-4460-8FBB-14467CB58BF3}.Debug|Any CPU.ActiveCfg = Debug|Any CPU
		{A1909D0E-40E3-4460-8FBB-14467CB58BF3}.Debug|Any CPU.Build.0 = Debug|Any CPU
		{A1909D0E-40E3-4460-8FBB-14467CB58BF3}.Debug|x64.ActiveCfg = Debug|Any CPU
		{A1909D0E-40E3-4460-8FBB-14467CB58BF3}.Debug|x64.Build.0 = Debug|Any CPU
		{A1909D0E-40E3-4460-8FBB-14467CB58BF3}.Debug|x86.ActiveCfg = Debug|Any CPU
		{A1909D0E-40E3-4460-8FBB-14467CB58BF3}.Debug|x86.Build.0 = Debug|Any CPU
		{A1909D0E-40E3-4460-8FBB-14467CB58BF3}.Release|Any CPU.ActiveCfg = Release|Any CPU
		{A1909D0E-40E3-4460-8FBB-14467CB58BF3}.Release|Any CPU.Build.0 = Release|Any CPU
		{A1909D0E-40E3-4460-8FBB-14467CB58BF3}.Release|x64.ActiveCfg = Release|Any CPU
		{A1909D0E-40E3-4460-8FBB-14467CB58BF3}.Release|x64.Build.0 = Release|Any CPU
		{A1909D0E-40E3-4460-8FBB-14467CB58BF3}.Release|x86.ActiveCfg = Release|Any CPU
		{A1909D0E-40E3-4460-8FBB-14467CB58BF3}.Release|x86.Build.0 = Release|Any CPU
		{A5CEDE2B-0D37-4028-9676-3216BD5587AD}.Debug|Any CPU.ActiveCfg = Debug|Any CPU
		{A5CEDE2B-0D37-4028-9676-3216BD5587AD}.Debug|Any CPU.Build.0 = Debug|Any CPU
		{A5CEDE2B-0D37-4028-9676-3216BD5587AD}.Debug|x64.ActiveCfg = Debug|Any CPU
		{A5CEDE2B-0D37-4028-9676-3216BD5587AD}.Debug|x64.Build.0 = Debug|Any CPU
		{A5CEDE2B-0D37-4028-9676-3216BD5587AD}.Debug|x86.ActiveCfg = Debug|Any CPU
		{A5CEDE2B-0D37-4028-9676-3216BD5587AD}.Debug|x86.Build.0 = Debug|Any CPU
		{A5CEDE2B-0D37-4028-9676-3216BD5587AD}.Release|Any CPU.ActiveCfg = Release|Any CPU
		{A5CEDE2B-0D37-4028-9676-3216BD5587AD}.Release|Any CPU.Build.0 = Release|Any CPU
		{A5CEDE2B-0D37-4028-9676-3216BD5587AD}.Release|x64.ActiveCfg = Release|Any CPU
		{A5CEDE2B-0D37-4028-9676-3216BD5587AD}.Release|x64.Build.0 = Release|Any CPU
		{A5CEDE2B-0D37-4028-9676-3216BD5587AD}.Release|x86.ActiveCfg = Release|Any CPU
		{A5CEDE2B-0D37-4028-9676-3216BD5587AD}.Release|x86.Build.0 = Release|Any CPU
		{F86F7308-9550-4FB4-9BB0-63F9740BBCD2}.Debug|Any CPU.ActiveCfg = Debug|Any CPU
		{F86F7308-9550-4FB4-9BB0-63F9740BBCD2}.Debug|Any CPU.Build.0 = Debug|Any CPU
		{F86F7308-9550-4FB4-9BB0-63F9740BBCD2}.Debug|x64.ActiveCfg = Debug|Any CPU
		{F86F7308-9550-4FB4-9BB0-63F9740BBCD2}.Debug|x64.Build.0 = Debug|Any CPU
		{F86F7308-9550-4FB4-9BB0-63F9740BBCD2}.Debug|x86.ActiveCfg = Debug|Any CPU
		{F86F7308-9550-4FB4-9BB0-63F9740BBCD2}.Debug|x86.Build.0 = Debug|Any CPU
		{F86F7308-9550-4FB4-9BB0-63F9740BBCD2}.Release|Any CPU.ActiveCfg = Release|Any CPU
		{F86F7308-9550-4FB4-9BB0-63F9740BBCD2}.Release|Any CPU.Build.0 = Release|Any CPU
		{F86F7308-9550-4FB4-9BB0-63F9740BBCD2}.Release|x64.ActiveCfg = Release|Any CPU
		{F86F7308-9550-4FB4-9BB0-63F9740BBCD2}.Release|x64.Build.0 = Release|Any CPU
		{F86F7308-9550-4FB4-9BB0-63F9740BBCD2}.Release|x86.ActiveCfg = Release|Any CPU
		{F86F7308-9550-4FB4-9BB0-63F9740BBCD2}.Release|x86.Build.0 = Release|Any CPU
		{23C11A3F-0DBE-C9D0-2C04-79C3E0973E87}.Debug|Any CPU.ActiveCfg = Debug|Any CPU
		{23C11A3F-0DBE-C9D0-2C04-79C3E0973E87}.Debug|Any CPU.Build.0 = Debug|Any CPU
		{23C11A3F-0DBE-C9D0-2C04-79C3E0973E87}.Debug|x64.ActiveCfg = Debug|Any CPU
		{23C11A3F-0DBE-C9D0-2C04-79C3E0973E87}.Debug|x64.Build.0 = Debug|Any CPU
		{23C11A3F-0DBE-C9D0-2C04-79C3E0973E87}.Debug|x86.ActiveCfg = Debug|Any CPU
		{23C11A3F-0DBE-C9D0-2C04-79C3E0973E87}.Debug|x86.Build.0 = Debug|Any CPU
		{23C11A3F-0DBE-C9D0-2C04-79C3E0973E87}.Release|Any CPU.ActiveCfg = Release|Any CPU
		{23C11A3F-0DBE-C9D0-2C04-79C3E0973E87}.Release|Any CPU.Build.0 = Release|Any CPU
		{23C11A3F-0DBE-C9D0-2C04-79C3E0973E87}.Release|x64.ActiveCfg = Release|Any CPU
		{23C11A3F-0DBE-C9D0-2C04-79C3E0973E87}.Release|x64.Build.0 = Release|Any CPU
		{23C11A3F-0DBE-C9D0-2C04-79C3E0973E87}.Release|x86.ActiveCfg = Release|Any CPU
		{23C11A3F-0DBE-C9D0-2C04-79C3E0973E87}.Release|x86.Build.0 = Release|Any CPU
		{94E95104-3DBB-4CC0-89B2-9AC8B94DA110}.Debug|Any CPU.ActiveCfg = Debug|Any CPU
		{94E95104-3DBB-4CC0-89B2-9AC8B94DA110}.Debug|Any CPU.Build.0 = Debug|Any CPU
		{94E95104-3DBB-4CC0-89B2-9AC8B94DA110}.Debug|x64.ActiveCfg = Debug|Any CPU
		{94E95104-3DBB-4CC0-89B2-9AC8B94DA110}.Debug|x64.Build.0 = Debug|Any CPU
		{94E95104-3DBB-4CC0-89B2-9AC8B94DA110}.Debug|x86.ActiveCfg = Debug|Any CPU
		{94E95104-3DBB-4CC0-89B2-9AC8B94DA110}.Debug|x86.Build.0 = Debug|Any CPU
		{94E95104-3DBB-4CC0-89B2-9AC8B94DA110}.Release|Any CPU.ActiveCfg = Release|Any CPU
		{94E95104-3DBB-4CC0-89B2-9AC8B94DA110}.Release|Any CPU.Build.0 = Release|Any CPU
		{94E95104-3DBB-4CC0-89B2-9AC8B94DA110}.Release|x64.ActiveCfg = Release|Any CPU
		{94E95104-3DBB-4CC0-89B2-9AC8B94DA110}.Release|x64.Build.0 = Release|Any CPU
		{94E95104-3DBB-4CC0-89B2-9AC8B94DA110}.Release|x86.ActiveCfg = Release|Any CPU
		{94E95104-3DBB-4CC0-89B2-9AC8B94DA110}.Release|x86.Build.0 = Release|Any CPU
	EndGlobalSection
	GlobalSection(SolutionProperties) = preSolution
		HideSolutionNode = FALSE
	EndGlobalSection
	GlobalSection(NestedProjects) = preSolution
		{37BFD75F-315F-41C8-BAC5-D3FD6066062F} = {46C2EB6F-8D7F-49B7-8C5D-6DCD958EC510}
		{F86F7308-9550-4FB4-9BB0-63F9740BBCD2} = {BA48AF8D-478C-4839-9813-0478D4B57CF3}
		{23C11A3F-0DBE-C9D0-2C04-79C3E0973E87} = {BA48AF8D-478C-4839-9813-0478D4B57CF3}
	EndGlobalSection
EndGlobal
